
Microsoft Visual Studio Solution File, Format Version 12.00
# Visual Studio Version 17
VisualStudioVersion = 17.0.31903.59
MinimumVisualStudioVersion = 10.0.40219.1
Project("{2150E333-8FDC-42A3-9474-1A3956D46DE8}") = "src", "src", "{407D6FAA-6645-4763-9EB6-99335352F131}"
EndProject
Project("{2150E333-8FDC-42A3-9474-1A3956D46DE8}") = "tests", "tests", "{21035D76-DBFF-4D8C-A2F4-21C9BEFA46B8}"
EndProject
Project("{FAE04EC0-301F-11D3-BF4B-00C04F79EFBC}") = "example-class-library", "example-class-library\example-class-library.csproj", "{7263544B-ED2C-4AAC-894A-F8CC1157D7C4}"
EndProject
Project("{FAE04EC0-301F-11D3-BF4B-00C04F79EFBC}") = "example-xunit-tests", "example-xunit-tests\example-xunit-tests.csproj", "{C1DC281F-83F8-4758-8CDA-4F363ADB78F2}"
EndProject
Global
	GlobalSection(SolutionConfigurationPlatforms) = preSolution
		Debug|Any CPU = Debug|Any CPU
		Release|Any CPU = Release|Any CPU
	EndGlobalSection
	GlobalSection(SolutionProperties) = preSolution
		HideSolutionNode = FALSE
	EndGlobalSection
	GlobalSection(NestedProjects) = preSolution
		{7263544B-ED2C-4AAC-894A-F8CC1157D7C4} = {407D6FAA-6645-4763-9EB6-99335352F131}
		{C1DC281F-83F8-4758-8CDA-4F363ADB78F2} = {21035D76-DBFF-4D8C-A2F4-21C9BEFA46B8}
	EndGlobalSection
	GlobalSection(ProjectConfigurationPlatforms) = postSolution
		{7263544B-ED2C-4AAC-894A-F8CC1157D7C4}.Debug|Any CPU.ActiveCfg = Debug|Any CPU
		{7263544B-ED2C-4AAC-894A-F8CC1157D7C4}.Debug|Any CPU.Build.0 = Debug|Any CPU
		{7263544B-ED2C-4AAC-894A-F8CC1157D7C4}.Release|Any CPU.ActiveCfg = Release|Any CPU
		{7263544B-ED2C-4AAC-894A-F8CC1157D7C4}.Release|Any CPU.Build.0 = Release|Any CPU
		{C1DC281F-83F8-4758-8CDA-4F363ADB78F2}.Debug|Any CPU.ActiveCfg = Debug|Any CPU
		{C1DC281F-83F8-4758-8CDA-4F363ADB78F2}.Debug|Any CPU.Build.0 = Debug|Any CPU
		{C1DC281F-83F8-4758-8CDA-4F363ADB78F2}.Release|Any CPU.ActiveCfg = Release|Any CPU
		{C1DC281F-83F8-4758-8CDA-4F363ADB78F2}.Release|Any CPU.Build.0 = Release|Any CPU
	EndGlobalSection
EndGlobal
